// !$*UTF8*$!
{
	archiveVersion = 1;
	classes = {
	};
	objectVersion = 56;
	objects = {

/* Begin PBXBuildFile section */
		B1F80857BBF58FB24AE1D0A0 /* AppDelegate.swift in Sources */ = {isa = PBXBuildFile; fileRef = B1F80857BBF58FB24AE1D0A0 /* AppDelegate.swift */; };
		39BBD20FE31F3991DF1F3039 /* ViewController.swift in Sources */ = {isa = PBXBuildFile; fileRef = 39BBD20FE31F3991DF1F3039 /* ViewController.swift */; };
		A0582740E4549F22E20DD6AD /* Assets.xcassets in Resources */ = {isa = PBXBuildFile; fileRef = A0582740E4549F22E20DD6AD /* Assets.xcassets */; };
		92ADE6CF2C2A3C03EB6FA21D /* workbench-desktop.html in Resources */ = {isa = PBXBuildFile; fileRef = 92ADE6CF2C2A3C03EB6FA21D /* workbench-desktop.html */; };
		BFA342221A318DE9FA1C9225 /* manifest.json in Resources */ = {isa = PBXBuildFile; fileRef = BFA342221A318DE9FA1C9225 /* manifest.json */; };
		218B9A2782769AD36C6D62B4 /* sw.js in Resources */ = {isa = PBXBuildFile; fileRef = 218B9A2782769AD36C6D62B4 /* sw.js */; };
		25A4973DF879B0F2A81F0A19 /* icon-192.png in Resources */ = {isa = PBXBuildFile; fileRef = 25A4973DF879B0F2A81F0A19 /* icon-192.png */; };
		78B6F9DBC118F781147F8A43 /* icon-512.png in Resources */ = {isa = PBXBuildFile; fileRef = 78B6F9DBC118F781147F8A43 /* icon-512.png */; };
		60DA7B569B8CF97F06623261 /* WebKit.framework in Frameworks */ = {isa = PBXBuildFile; fileRef = 632BF11FF2B4A8BC299E9202 /* WebKit.framework */; };
		B332A1E21C141117EF57ECB9 /* assets in Resources */ = {isa = PBXBuildFile; fileRef = 4BEFC5E6EDE009D34F697FEE /* assets */; };
/* End PBXBuildFile section */

/* Begin PBXFileReference section */
		7A9265EB4B9F1AA1952F6544 /* 时序躬记.app */ = {isa = PBXFileReference; explicitFileType = wrapper.application; includeInIndex = 0; path = "时序躬记.app"; sourceTree = BUILT_PRODUCTS_DIR; };
		B1F80857BBF58FB24AE1D0A0 /* AppDelegate.swift */ = {isa = PBXFileReference; lastKnownFileType = sourcecode.swift; path = AppDelegate.swift; sourceTree = "<group>"; };
		39BBD20FE31F3991DF1F3039 /* ViewController.swift */ = {isa = PBXFileReference; lastKnownFileType = sourcecode.swift; path = ViewController.swift; sourceTree = "<group>"; };
		A0582740E4549F22E20DD6AD /* Assets.xcassets */ = {isa = PBXFileReference; lastKnownFileType = folder.assetcatalog; path = Assets.xcassets; sourceTree = "<group>"; };
		EC44CFA67C2A197F46D432A5 /* Info.plist */ = {isa = PBXFileReference; lastKnownFileType = text.plist.xml; path = Info.plist; sourceTree = "<group>"; };
		92ADE6CF2C2A3C03EB6FA21D /* workbench-desktop.html */ = {isa = PBXFileReference; lastKnownFileType = text.html; path = "workbench-desktop.html"; sourceTree = "<group>"; };
		BFA342221A318DE9FA1C9225 /* manifest.json */ = {isa = PBXFileReference; lastKnownFileType = text.json; path = manifest.json; sourceTree = "<group>"; };
		218B9A2782769AD36C6D62B4 /* sw.js */ = {isa = PBXFileReference; lastKnownFileType = sourcecode.javascript; path = sw.js; sourceTree = "<group>"; };
		25A4973DF879B0F2A81F0A19 /* icon-192.png */ = {isa = PBXFileReference; lastKnownFileType = image.png; path = "icon-192.png"; sourceTree = "<group>"; };
		78B6F9DBC118F781147F8A43 /* icon-512.png */ = {isa = PBXFileReference; lastKnownFileType = image.png; path = "icon-512.png"; sourceTree = "<group>"; };
		632BF11FF2B4A8BC299E9202 /* WebKit.framework */ = {isa = PBXFileReference; lastKnownFileType = wrapper.framework; name = WebKit.framework; path = System/Library/Frameworks/WebKit.framework; sourceTree = SDKROOT; };
		4BEFC5E6EDE009D34F697FEE /* assets */ = {isa = PBXFileReference; lastKnownFileType = folder; path = assets; sourceTree = "<group>"; };
/* End PBXFileReference section */

/* Begin PBXFrameworksBuildPhase section */
		E80C3735351404DEEA77E98F /* Frameworks */ = {
			isa = PBXFrameworksBuildPhase;
			buildActionMask = 2147483647;
			files = (
				60DA7B569B8CF97F06623261 /* WebKit.framework in Frameworks */,
			);
			runOnlyForDeploymentPostprocessing = 0;
		};
/* End PBXFrameworksBuildPhase section */

/* Begin PBXGroup section */
		95904843364DE5C5F209AD1E = {
			isa = PBXGroup;
			children = (
				D12AE8ABCAE7D0F85833FE1D /* ShixuGongji */,
				9CE203D96F03182DDAC2142F /* Products */,
				45E711B88440E97F1AABCEA6 /* Frameworks */,
			);
			sourceTree = "<group>";
		};
		9CE203D96F03182DDAC2142F /* Products */ = {
			isa = PBXGroup;
			children = (
				7A9265EB4B9F1AA1952F6544 /* 时序躬记.app */,
			);
			name = Products;
			sourceTree = "<group>";
		};
		45E711B88440E97F1AABCEA6 /* Frameworks */ = {
			isa = PBXGroup;
			children = (
				632BF11FF2B4A8BC299E9202 /* WebKit.framework */,
			);
			name = Frameworks;
			sourceTree = "<group>";
		};
		D12AE8ABCAE7D0F85833FE1D /* ShixuGongji */ = {
			isa = PBXGroup;
			children = (
				B1F80857BBF58FB24AE1D0A0 /* AppDelegate.swift */,
				39BBD20FE31F3991DF1F3039 /* ViewController.swift */,
				A0582740E4549F22E20DD6AD /* Assets.xcassets */,
				EC44CFA67C2A197F46D432A5 /* Info.plist */,
				9446D72B28CE14A386A03A57 /* Web */,
			);
			path = ShixuGongji;
			sourceTree = "<group>";
		};
		9446D72B28CE14A386A03A57 /* Web */ = {
			isa = PBXGroup;
			children = (
				92ADE6CF2C2A3C03EB6FA21D /* workbench-desktop.html */,
				BFA342221A318DE9FA1C9225 /* manifest.json */,
				218B9A2782769AD36C6D62B4 /* sw.js */,
				25A4973DF879B0F2A81F0A19 /* icon-192.png */,
				78B6F9DBC118F781147F8A43 /* icon-512.png */,
				4BEFC5E6EDE009D34F697FEE /* assets */,
			);
			path = Web;
			sourceTree = "<group>";
		};
/* End PBXGroup section */

/* Begin PBXNativeTarget section */
		C8745F51EA6CD730E752D921 /* 时序躬记 */ = {
			isa = PBXNativeTarget;
			buildConfigurationList = 4F77DB25292A1A2F659F0838 /* Build configuration list for PBXNativeTarget "时序躬记" */;
			buildPhases = (
				D17BA96290D3CDF0820C55B7 /* Sources */,
				E80C3735351404DEEA77E98F /* Frameworks */,
				A5B081727748D726057ECC64 /* Resources */,
			);
			buildRules = (
			);
			dependencies = (
			);
			name = "时序躬记";
			productName = "时序躬记";
			productReference = 7A9265EB4B9F1AA1952F6544 /* 时序躬记.app */;
			productType = "com.apple.product-type.application";
		};
/* End PBXNativeTarget section */

/* Begin PBXProject section */
		D6A94EC4E7C1B62817DC5A12 /* Project object */ = {
			isa = PBXProject;
			attributes = {
				BuildIndependentTargetsInParallel = 1;
				LastSwiftUpdateCheck = 1500;
				LastUpgradeCheck = 1500;
				TargetAttributes = {
					C8745F51EA6CD730E752D921 = {
						CreatedOnToolsVersion = 15.0;
					};
				};
			};
			buildConfigurationList = 473FE8B0F6BE9ADCC815A71F /* Build configuration list for PBXProject "ShixuGongji" */;
			compatibilityVersion = "Xcode 14.0";
			developmentRegion = zh-Hans;
			hasScannedForEncodings = 0;
			knownRegions = (
				en,
				Base,
				"zh-Hans",
			);
			mainGroup = 95904843364DE5C5F209AD1E;
			productRefGroup = 9CE203D96F03182DDAC2142F /* Products */;
			projectDirPath = "";
			projectRoot = "";
			targets = (
				C8745F51EA6CD730E752D921 /* 时序躬记 */,
			);
		};
/* End PBXProject section */

/* Begin PBXResourcesBuildPhase section */
		A5B081727748D726057ECC64 /* Resources */ = {
			isa = PBXResourcesBuildPhase;
			buildActionMask = 2147483647;
			files = (
				A0582740E4549F22E20DD6AD /* Assets.xcassets in Resources */,
				92ADE6CF2C2A3C03EB6FA21D /* workbench-desktop.html in Resources */,
				BFA342221A318DE9FA1C9225 /* manifest.json in Resources */,
				218B9A2782769AD36C6D62B4 /* sw.js in Resources */,
				25A4973DF879B0F2A81F0A19 /* icon-192.png in Resources */,
				78B6F9DBC118F781147F8A43 /* icon-512.png in Resources */,
				B332A1E21C141117EF57ECB9 /* assets in Resources */,
			);
			runOnlyForDeploymentPostprocessing = 0;
		};
/* End PBXResourcesBuildPhase section */

/* Begin PBXSourcesBuildPhase section */
		D17BA96290D3CDF0820C55B7 /* Sources */ = {
			isa = PBXSourcesBuildPhase;
			buildActionMask = 2147483647;
			files = (
				B1F80857BBF58FB24AE1D0A0 /* AppDelegate.swift in Sources */,
				39BBD20FE31F3991DF1F3039 /* ViewController.swift in Sources */,
			);
			runOnlyForDeploymentPostprocessing = 0;
		};
/* End PBXSourcesBuildPhase section */

/* Begin XCBuildConfiguration section */
		8787F5A5BEC3A93FAE692EE1 /* Debug */ = {
			isa = XCBuildConfiguration;
			buildSettings = {
				ALWAYS_SEARCH_USER_PATHS = NO;
				CLANG_ANALYZER_NONNULL = YES;
				CLANG_ANALYZER_NUMBER_OBJECT_CONVERSION = YES_AGGRESSIVE;
				CLANG_CXX_LANGUAGE_STANDARD = "gnu++20";
				CLANG_ENABLE_MODULES = YES;
				CLANG_ENABLE_OBJC_ARC = YES;
				CLANG_ENABLE_OBJC_WEAK = YES;
				CLANG_WARN_BLOCK_CAPTURE_AUTORELEASING = YES;
				CLANG_WARN_BOOL_CONVERSION = YES;
				CLANG_WARN_COMMA = YES;
				CLANG_WARN_CONSTANT_CONVERSION = YES;
				CLANG_WARN_DEPRECATED_OBJC_IMPLEMENTATIONS = YES;
				CLANG_WARN_DIRECT_OBJC_ISA_USAGE = YES_ERROR;
				CLANG_WARN_DOCUMENTATION_COMMENTS = YES;
				CLANG_WARN_EMPTY_BODY = YES;
				CLANG_WARN_ENUM_CONVERSION = YES;
				CLANG_WARN_INFINITE_RECURSION = YES;
				CLANG_WARN_INT_CONVERSION = YES;
				CLANG_WARN_NON_LITERAL_NULL_CONVERSION = YES;
				CLANG_WARN_OBJC_IMPLICIT_RETAIN_SELF = YES;
				CLANG_WARN_OBJC_LITERAL_CONVERSION = YES;
				CLANG_WARN_OBJC_ROOT_CLASS = YES_ERROR;
				CLANG_WARN_QUOTED_INCLUDE_IN_FRAMEWORK_HEADER = YES;
				CLANG_WARN_RANGE_LOOP_ANALYSIS = YES;
				CLANG_WARN_STRICT_PROTOTYPES = YES;
				CLANG_WARN_SUSPICIOUS_MOVE = YES;
				CLANG_WARN_UNGUARDED_AVAILABILITY = YES_AGGRESSIVE;
				CLANG_WARN_UNREACHABLE_CODE = YES;
				CLANG_WARN__DUPLICATE_METHOD_MATCH = YES;
				COPY_PHASE_STRIP = NO;
				DEBUG_INFORMATION_FORMAT = dwarf;
				ENABLE_STRICT_OBJC_MSGSEND = YES;
				ENABLE_TESTABILITY = YES;
				GCC_C_LANGUAGE_STANDARD = gnu17;
				GCC_DYNAMIC_NO_PIC = NO;
				GCC_NO_COMMON_BLOCKS = YES;
				GCC_OPTIMIZATION_LEVEL = 0;
				GCC_PREPROCESSOR_DEFINITIONS = (
					"DEBUG=1",
					"$(inherited)",
				);
				GCC_WARN_64_TO_32_BIT_CONVERSION = YES;
				GCC_WARN_ABOUT_RETURN_TYPE = YES_ERROR;
				GCC_WARN_UNDECLARED_SELECTOR = YES;
				GCC_WARN_UNINITIALIZED_AUTOS = YES_AGGRESSIVE;
				GCC_WARN_UNUSED_FUNCTION = YES;
				GCC_WARN_UNUSED_VARIABLE = YES;
				IPHONEOS_DEPLOYMENT_TARGET = 14.0;
				MTL_ENABLE_DEBUG_INFO = INCLUDE_SOURCE;
				MTL_FAST_MATH = YES;
				ONLY_ACTIVE_ARCH = YES;
				SDKROOT = iphoneos;
				SWIFT_ACTIVE_COMPILATION_CONDITIONS = DEBUG;
				SWIFT_OPTIMIZATION_LEVEL = "-Onone";
			};
			name = Debug;
		};
		43C086DAF1949A2880E1AFBA /* Release */ = {
			isa = XCBuildConfiguration;
			buildSettings = {
				ALWAYS_SEARCH_USER_PATHS = NO;
				CLANG_ANALYZER_NONNULL = YES;
				CLANG_ANALYZER_NUMBER_OBJECT_CONVERSION = YES_AGGRESSIVE;
				CLANG_CXX_LANGUAGE_STANDARD = "gnu++20";
				CLANG_ENABLE_MODULES = YES;
				CLANG_ENABLE_OBJC_ARC = YES;
				CLANG_ENABLE_OBJC_WEAK = YES;
				CLANG_WARN_BLOCK_CAPTURE_AUTORELEASING = YES;
				CLANG_WARN_BOOL_CONVERSION = YES;
				CLANG_WARN_COMMA = YES;
				CLANG_WARN_CONSTANT_CONVERSION = YES;
				CLANG_WARN_DEPRECATED_OBJC_IMPLEMENTATIONS = YES;
				CLANG_WARN_DIRECT_OBJC_ISA_USAGE = YES_ERROR;
				CLANG_WARN_DOCUMENTATION_COMMENTS = YES;
				CLANG_WARN_EMPTY_BODY = YES;
				CLANG_WARN_ENUM_CONVERSION = YES;
				CLANG_WARN_INFINITE_RECURSION = YES;
				CLANG_WARN_INT_CONVERSION = YES;
				CLANG_WARN_NON_LITERAL_NULL_CONVERSION = YES;
				CLANG_WARN_OBJC_IMPLICIT_RETAIN_SELF = YES;
				CLANG_WARN_OBJC_LITERAL_CONVERSION = YES;
				CLANG_WARN_OBJC_ROOT_CLASS = YES_ERROR;
				CLANG_WARN_QUOTED_INCLUDE_IN_FRAMEWORK_HEADER = YES;
				CLANG_WARN_RANGE_LOOP_ANALYSIS = YES;
				CLANG_WARN_STRICT_PROTOTYPES = YES;
				CLANG_WARN_SUSPICIOUS_MOVE = YES;
				CLANG_WARN_UNGUARDED_AVAILABILITY = YES_AGGRESSIVE;
				CLANG_WARN_UNREACHABLE_CODE = YES;
				CLANG_WARN__DUPLICATE_METHOD_MATCH = YES;
				COPY_PHASE_STRIP = NO;
				DEBUG_INFORMATION_FORMAT = "dwarf-with-dsym";
				ENABLE_NS_ASSERTIONS = NO;
				ENABLE_STRICT_OBJC_MSGSEND = YES;
				GCC_C_LANGUAGE_STANDARD = gnu17;
				GCC_NO_COMMON_BLOCKS = YES;
				GCC_WARN_64_TO_32_BIT_CONVERSION = YES;
				GCC_WARN_ABOUT_RETURN_TYPE = YES_ERROR;
				GCC_WARN_UNDECLARED_SELECTOR = YES;
				GCC_WARN_UNINITIALIZED_AUTOS = YES_AGGRESSIVE;
				GCC_WARN_UNUSED_FUNCTION = YES;
				GCC_WARN_UNUSED_VARIABLE = YES;
				IPHONEOS_DEPLOYMENT_TARGET = 14.0;
				MTL_ENABLE_DEBUG_INFO = NO;
				MTL_FAST_MATH = YES;
				SDKROOT = iphoneos;
				SWIFT_COMPILATION_MODE = wholemodule;
				SWIFT_OPTIMIZATION_LEVEL = "-O";
				VALIDATE_PRODUCT = YES;
			};
			name = Release;
		};
		31BE57D0AC7A6A1E9583102E /* Debug */ = {
			isa = XCBuildConfiguration;
			buildSettings = {
				ASSETCATALOG_COMPILER_APPICON_NAME = AppIcon;
				ASSETCATALOG_COMPILER_GLOBAL_ACCENT_COLOR_NAME = AccentColor;
				CODE_SIGN_STYLE = Automatic;
				CURRENT_PROJECT_VERSION = 1;
				DEVELOPMENT_TEAM = "";
				GENERATE_INFOPLIST_FILE = NO;
				INFOPLIST_FILE = ShixuGongji/Info.plist;
				INFOPLIST_KEY_UIApplicationSceneManifest_Generation = YES;
				INFOPLIST_KEY_UIApplicationSupportsIndirectInputEvents = YES;
				INFOPLIST_KEY_UILaunchScreen_Generation = YES;
				INFOPLIST_KEY_UISupportedInterfaceOrientations_iPad = "UIInterfaceOrientationPortrait UIInterfaceOrientationPortraitUpsideDown UIInterfaceOrientationLandscapeLeft UIInterfaceOrientationLandscapeRight";
				INFOPLIST_KEY_UISupportedInterfaceOrientations_iPhone = "UIInterfaceOrientationPortrait";
				IPHONEOS_DEPLOYMENT_TARGET = 14.0;
				LD_RUNPATH_SEARCH_PATHS = (
					"$(inherited)",
					"@executable_path/Frameworks",
				);
				MARKETING_VERSION = 1.0;
				PRODUCT_BUNDLE_IDENTIFIER = com.shixu.gongji;
				PRODUCT_NAME = "$(TARGET_NAME)";
				SWIFT_EMIT_LOC_STRINGS = YES;
				SWIFT_VERSION = 5.0;
				TARGETED_DEVICE_FAMILY = "1,2";
			};
			name = Debug;
		};
		C0887136513D748345BC2BE8 /* Release */ = {
			isa = XCBuildConfiguration;
			buildSettings = {
				ASSETCATALOG_COMPILER_APPICON_NAME = AppIcon;
				ASSETCATALOG_COMPILER_GLOBAL_ACCENT_COLOR_NAME = AccentColor;
				CODE_SIGN_STYLE = Automatic;
				CURRENT_PROJECT_VERSION = 1;
				DEVELOPMENT_TEAM = "";
				GENERATE_INFOPLIST_FILE = NO;
				INFOPLIST_FILE = ShixuGongji/Info.plist;
				INFOPLIST_KEY_UIApplicationSceneManifest_Generation = YES;
				INFOPLIST_KEY_UIApplicationSupportsIndirectInputEvents = YES;
				INFOPLIST_KEY_UILaunchScreen_Generation = YES;
				INFOPLIST_KEY_UISupportedInterfaceOrientations_iPad = "UIInterfaceOrientationPortrait UIInterfaceOrientationPortraitUpsideDown UIInterfaceOrientationLandscapeLeft UIInterfaceOrientationLandscapeRight";
				INFOPLIST_KEY_UISupportedInterfaceOrientations_iPhone = "UIInterfaceOrientationPortrait";
				IPHONEOS_DEPLOYMENT_TARGET = 14.0;
				LD_RUNPATH_SEARCH_PATHS = (
					"$(inherited)",
					"@executable_path/Frameworks",
				);
				MARKETING_VERSION = 1.0;
				PRODUCT_BUNDLE_IDENTIFIER = com.shixu.gongji;
				PRODUCT_NAME = "$(TARGET_NAME)";
				SWIFT_EMIT_LOC_STRINGS = YES;
				SWIFT_VERSION = 5.0;
				TARGETED_DEVICE_FAMILY = "1,2";
			};
			name = Release;
		};
/* End XCBuildConfiguration section */

/* Begin XCConfigurationList section */
		473FE8B0F6BE9ADCC815A71F /* Build configuration list for PBXProject "ShixuGongji" */ = {
			isa = XCConfigurationList;
			buildConfigurations = (
				8787F5A5BEC3A93FAE692EE1 /* Debug */,
				43C086DAF1949A2880E1AFBA /* Release */,
			);
			defaultConfigurationIsVisible = 0;
			defaultConfigurationName = Release;
		};
		4F77DB25292A1A2F659F0838 /* Build configuration list for PBXNativeTarget "时序躬记" */ = {
			isa = XCConfigurationList;
			buildConfigurations = (
				31BE57D0AC7A6A1E9583102E /* Debug */,
				C0887136513D748345BC2BE8 /* Release */,
			);
			defaultConfigurationIsVisible = 0;
			defaultConfigurationName = Release;
		};
/* End XCConfigurationList section */
	};
	rootObject = D6A94EC4E7C1B62817DC5A12 /* Project object */;
}
